
Microsoft Visual Studio Solution File, Format Version 12.00
# Visual Studio 2013
Project("{FAE04EC0-301F-11D3-BF4B-00C04F79EFBC}") = "UnityVS.Astroids.CSharp", "UnityVS.Astroids.CSharp.csproj", "{B4246D38-A476-5C55-0201-009EDBC56AAA}"
EndProject
Global
	GlobalSection(SolutionConfigurationPlatforms) = preSolution
		Debug|Any CPU = Debug|Any CPU
		Release|Any CPU = Release|Any CPU
	EndGlobalSection
	GlobalSection(ProjectConfigurationPlatforms) = postSolution
		{B4246D38-A476-5C55-0201-009EDBC56AAA}.Debug|Any CPU.ActiveCfg = Debug|Any CPU
		{B4246D38-A476-5C55-0201-009EDBC56AAA}.Debug|Any CPU.Build.0 = Debug|Any CPU
		{B4246D38-A476-5C55-0201-009EDBC56AAA}.Release|Any CPU.ActiveCfg = Release|Any CPU
		{B4246D38-A476-5C55-0201-009EDBC56AAA}.Release|Any CPU.Build.0 = Release|Any CPU
	EndGlobalSection
	GlobalSection(SolutionProperties) = preSolution
		HideSolutionNode = FALSE
	EndGlobalSection
EndGlobal
